
Microsoft Visual Studio Solution File, Format Version 12.00
# Visual Studio Version 17
VisualStudioVersion = 17.0.32112.339
MinimumVisualStudioVersion = 10.0.40219.1
Project("{FAE04EC0-301F-11D3-BF4B-00C04F79EFBC}") = "Oblig3 i Blazor", "Oblig3 i Blazor\Oblig3 i Blazor.csproj", "{DD1BB88E-6D9B-418E-A66B-C44178BF1231}"
EndProject
Global
	GlobalSection(SolutionConfigurationPlatforms) = preSolution
		Debug|Any CPU = Debug|Any CPU
		Release|Any CPU = Release|Any CPU
	EndGlobalSection
	GlobalSection(ProjectConfigurationPlatforms) = postSolution
		{DD1BB88E-6D9B-418E-A66B-C44178BF1231}.Debug|Any CPU.ActiveCfg = Debug|Any CPU
		{DD1BB88E-6D9B-418E-A66B-C44178BF1231}.Debug|Any CPU.Build.0 = Debug|Any CPU
		{DD1BB88E-6D9B-418E-A66B-C44178BF1231}.Release|Any CPU.ActiveCfg = Release|Any CPU
		{DD1BB88E-6D9B-418E-A66B-C44178BF1231}.Release|Any CPU.Build.0 = Release|Any CPU
	EndGlobalSection
	GlobalSection(SolutionProperties) = preSolution
		HideSolutionNode = FALSE
	EndGlobalSection
	GlobalSection(ExtensibilityGlobals) = postSolution
		SolutionGuid = {CEFF3AA8-91C1-431D-99D3-2C20EE69CA29}
	EndGlobalSection
EndGlobal
