
Microsoft Visual Studio Solution File, Format Version 12.00
# Visual Studio Version 17
VisualStudioVersion = 17.0.32112.339
MinimumVisualStudioVersion = 10.0.40219.1
Project("{FAE04EC0-301F-11D3-BF4B-00C04F79EFBC}") = "ASP.net eksempel", "ASP.net eksempel\ASP.net eksempel.csproj", "{0EEE3D4E-33E0-4A6F-A882-DA7F1D9E5097}"
EndProject
Global
	GlobalSection(SolutionConfigurationPlatforms) = preSolution
		Debug|Any CPU = Debug|Any CPU
		Release|Any CPU = Release|Any CPU
	EndGlobalSection
	GlobalSection(ProjectConfigurationPlatforms) = postSolution
		{0EEE3D4E-33E0-4A6F-A882-DA7F1D9E5097}.Debug|Any CPU.ActiveCfg = Debug|Any CPU
		{0EEE3D4E-33E0-4A6F-A882-DA7F1D9E5097}.Debug|Any CPU.Build.0 = Debug|Any CPU
		{0EEE3D4E-33E0-4A6F-A882-DA7F1D9E5097}.Release|Any CPU.ActiveCfg = Release|Any CPU
		{0EEE3D4E-33E0-4A6F-A882-DA7F1D9E5097}.Release|Any CPU.Build.0 = Release|Any CPU
	EndGlobalSection
	GlobalSection(SolutionProperties) = preSolution
		HideSolutionNode = FALSE
	EndGlobalSection
	GlobalSection(ExtensibilityGlobals) = postSolution
		SolutionGuid = {16CC779C-F36D-415A-94B7-A1E130C71DCB}
	EndGlobalSection
EndGlobal
