
Microsoft Visual Studio Solution File, Format Version 12.00
# Visual Studio Version 17
VisualStudioVersion = 17.0.32112.339
MinimumVisualStudioVersion = 10.0.40219.1
Project("{9A19103F-16F7-4668-BE54-9A1E7A4F7556}") = "Oblig4WebAppBlazor", "Oblig4WebAppBlazor\Oblig4WebAppBlazor.csproj", "{315F5728-6529-4498-B17F-FEF0DAD1178F}"
EndProject
Project("{FAE04EC0-301F-11D3-BF4B-00C04F79EFBC}") = "Oblig4FrontDesk", "Oblig4FrontDesk\Oblig4FrontDesk.csproj", "{D942F949-0DCB-4F60-9967-E70B4A3B1973}"
EndProject
Project("{FAE04EC0-301F-11D3-BF4B-00C04F79EFBC}") = "CleaningService", "CleaningService\CleaningService.csproj", "{8A883D14-81D7-46C4-9F6E-489E9C84B7C7}"
EndProject
Global
	GlobalSection(SolutionConfigurationPlatforms) = preSolution
		Debug|Any CPU = Debug|Any CPU
		Release|Any CPU = Release|Any CPU
	EndGlobalSection
	GlobalSection(ProjectConfigurationPlatforms) = postSolution
		{315F5728-6529-4498-B17F-FEF0DAD1178F}.Debug|Any CPU.ActiveCfg = Debug|Any CPU
		{315F5728-6529-4498-B17F-FEF0DAD1178F}.Debug|Any CPU.Build.0 = Debug|Any CPU
		{315F5728-6529-4498-B17F-FEF0DAD1178F}.Release|Any CPU.ActiveCfg = Release|Any CPU
		{315F5728-6529-4498-B17F-FEF0DAD1178F}.Release|Any CPU.Build.0 = Release|Any CPU
		{D942F949-0DCB-4F60-9967-E70B4A3B1973}.Debug|Any CPU.ActiveCfg = Debug|Any CPU
		{D942F949-0DCB-4F60-9967-E70B4A3B1973}.Debug|Any CPU.Build.0 = Debug|Any CPU
		{D942F949-0DCB-4F60-9967-E70B4A3B1973}.Release|Any CPU.ActiveCfg = Release|Any CPU
		{D942F949-0DCB-4F60-9967-E70B4A3B1973}.Release|Any CPU.Build.0 = Release|Any CPU
		{8A883D14-81D7-46C4-9F6E-489E9C84B7C7}.Debug|Any CPU.ActiveCfg = Debug|Any CPU
		{8A883D14-81D7-46C4-9F6E-489E9C84B7C7}.Debug|Any CPU.Build.0 = Debug|Any CPU
		{8A883D14-81D7-46C4-9F6E-489E9C84B7C7}.Release|Any CPU.ActiveCfg = Release|Any CPU
		{8A883D14-81D7-46C4-9F6E-489E9C84B7C7}.Release|Any CPU.Build.0 = Release|Any CPU
	EndGlobalSection
	GlobalSection(SolutionProperties) = preSolution
		HideSolutionNode = FALSE
	EndGlobalSection
	GlobalSection(ExtensibilityGlobals) = postSolution
		SolutionGuid = {E5400435-8DAD-402A-9995-5A435720D844}
	EndGlobalSection
EndGlobal
