
Microsoft Visual Studio Solution File, Format Version 12.00
# Visual Studio Version 17
VisualStudioVersion = 17.0.32112.339
MinimumVisualStudioVersion = 10.0.40219.1
Project("{FAE04EC0-301F-11D3-BF4B-00C04F79EFBC}") = "Oblig3Ny Blazor", "Oblig3Ny Blazor\Oblig3Ny Blazor.csproj", "{F93CA697-3A4F-4643-8B8E-C89E5F7C677A}"
EndProject
Global
	GlobalSection(SolutionConfigurationPlatforms) = preSolution
		Debug|Any CPU = Debug|Any CPU
		Release|Any CPU = Release|Any CPU
	EndGlobalSection
	GlobalSection(ProjectConfigurationPlatforms) = postSolution
		{F93CA697-3A4F-4643-8B8E-C89E5F7C677A}.Debug|Any CPU.ActiveCfg = Debug|Any CPU
		{F93CA697-3A4F-4643-8B8E-C89E5F7C677A}.Debug|Any CPU.Build.0 = Debug|Any CPU
		{F93CA697-3A4F-4643-8B8E-C89E5F7C677A}.Release|Any CPU.ActiveCfg = Release|Any CPU
		{F93CA697-3A4F-4643-8B8E-C89E5F7C677A}.Release|Any CPU.Build.0 = Release|Any CPU
	EndGlobalSection
	GlobalSection(SolutionProperties) = preSolution
		HideSolutionNode = FALSE
	EndGlobalSection
	GlobalSection(ExtensibilityGlobals) = postSolution
		SolutionGuid = {B482A4B0-BF06-48E6-876F-B4880821C95E}
	EndGlobalSection
EndGlobal
