
Microsoft Visual Studio Solution File, Format Version 12.00
# Visual Studio Version 17
VisualStudioVersion = 17.0.32014.148
MinimumVisualStudioVersion = 10.0.40219.1
Project("{8BC9CEB8-8B4A-11D0-8D11-00A0C91BC942}") = "MovingBoxArrows", "MovingBoxArrows\MovingBoxArrows.vcxproj", "{BB2CB301-3115-454D-8E38-E185BAC36C8C}"
EndProject
Global
	GlobalSection(SolutionConfigurationPlatforms) = preSolution
		Debug|x64 = Debug|x64
		Debug|x86 = Debug|x86
		Release|x64 = Release|x64
		Release|x86 = Release|x86
	EndGlobalSection
	GlobalSection(ProjectConfigurationPlatforms) = postSolution
		{BB2CB301-3115-454D-8E38-E185BAC36C8C}.Debug|x64.ActiveCfg = Debug|x64
		{BB2CB301-3115-454D-8E38-E185BAC36C8C}.Debug|x64.Build.0 = Debug|x64
		{BB2CB301-3115-454D-8E38-E185BAC36C8C}.Debug|x86.ActiveCfg = Debug|Win32
		{BB2CB301-3115-454D-8E38-E185BAC36C8C}.Debug|x86.Build.0 = Debug|Win32
		{BB2CB301-3115-454D-8E38-E185BAC36C8C}.Release|x64.ActiveCfg = Release|x64
		{BB2CB301-3115-454D-8E38-E185BAC36C8C}.Release|x64.Build.0 = Release|x64
		{BB2CB301-3115-454D-8E38-E185BAC36C8C}.Release|x86.ActiveCfg = Release|Win32
		{BB2CB301-3115-454D-8E38-E185BAC36C8C}.Release|x86.Build.0 = Release|Win32
	EndGlobalSection
	GlobalSection(SolutionProperties) = preSolution
		HideSolutionNode = FALSE
	EndGlobalSection
	GlobalSection(ExtensibilityGlobals) = postSolution
		SolutionGuid = {14C7D2C4-1478-4712-A80F-06FF6EA30EBF}
	EndGlobalSection
EndGlobal
